
Microsoft Visual Studio Solution File, Format Version 12.00
# Visual Studio Version 16
VisualStudioVersion = 16.0.29613.14
MinimumVisualStudioVersion = 10.0.40219.1
Project("{FAE04EC0-301F-11D3-BF4B-00C04F79EFBC}") = "FastUserTransactionAPI", "FastUserTransactionAPI\FastUserTransactionAPI.csproj", "{52AFEA4D-678D-4403-A466-2E9D36C12372}"
EndProject
Global
	GlobalSection(SolutionConfigurationPlatforms) = preSolution
		Debug|Any CPU = Debug|Any CPU
		Release|Any CPU = Release|Any CPU
	EndGlobalSection
	GlobalSection(ProjectConfigurationPlatforms) = postSolution
		{52AFEA4D-678D-4403-A466-2E9D36C12372}.Debug|Any CPU.ActiveCfg = Debug|Any CPU
		{52AFEA4D-678D-4403-A466-2E9D36C12372}.Debug|Any CPU.Build.0 = Debug|Any CPU
		{52AFEA4D-678D-4403-A466-2E9D36C12372}.Release|Any CPU.ActiveCfg = Release|Any CPU
		{52AFEA4D-678D-4403-A466-2E9D36C12372}.Release|Any CPU.Build.0 = Release|Any CPU
	EndGlobalSection
	GlobalSection(SolutionProperties) = preSolution
		HideSolutionNode = FALSE
	EndGlobalSection
	GlobalSection(ExtensibilityGlobals) = postSolution
		SolutionGuid = {7652E7CF-D126-4D8E-A7CA-B916321896F8}
	EndGlobalSection
EndGlobal
